
Microsoft Visual Studio Solution File, Format Version 12.00
# Visual Studio Version 17
VisualStudioVersion = 17.11.35312.102
MinimumVisualStudioVersion = 10.0.40219.1
Project("{9A19103F-16F7-4668-BE54-9A1E7A4F7556}") = "Aplikacja_kontakty", "Aplikacja_kontakty.csproj", "{A988BE74-8FF3-414A-9CD6-472C4E852C3F}"
EndProject
Global
	GlobalSection(SolutionConfigurationPlatforms) = preSolution
		Debug|Any CPU = Debug|Any CPU
		Release|Any CPU = Release|Any CPU
	EndGlobalSection
	GlobalSection(ProjectConfigurationPlatforms) = postSolution
		{A988BE74-8FF3-414A-9CD6-472C4E852C3F}.Debug|Any CPU.ActiveCfg = Debug|Any CPU
		{A988BE74-8FF3-414A-9CD6-472C4E852C3F}.Debug|Any CPU.Build.0 = Debug|Any CPU
		{A988BE74-8FF3-414A-9CD6-472C4E852C3F}.Release|Any CPU.ActiveCfg = Release|Any CPU
		{A988BE74-8FF3-414A-9CD6-472C4E852C3F}.Release|Any CPU.Build.0 = Release|Any CPU
	EndGlobalSection
	GlobalSection(SolutionProperties) = preSolution
		HideSolutionNode = FALSE
	EndGlobalSection
	GlobalSection(ExtensibilityGlobals) = postSolution
		SolutionGuid = {4C5C42C0-3125-43AF-8C99-2247113AB2EB}
	EndGlobalSection
EndGlobal
